// !$*UTF8*$!
{
	archiveVersion = 1;
	classes = {
	};
	objectVersion = 51;
	objects = {

/* Begin PBXBuildFile section */
		2E78841B24C00DEF00E18871 /* AppDelegate.swift in Sources */ = {isa = PBXBuildFile; fileRef = 2E78841A24C00DEF00E18871 /* AppDelegate.swift */; };
		2E78841F24C00DEF00E18871 /* ViewController.swift in Sources */ = {isa = PBXBuildFile; fileRef = 2E78841E24C00DEF00E18871 /* ViewController.swift */; };
		2E78842224C00DEF00E18871 /* Main.storyboard in Resources */ = {isa = PBXBuildFile; fileRef = 2E78842024C00DEF00E18871 /* Main.storyboard */; };
		2E78842424C00DF000E18871 /* Assets.xcassets in Resources */ = {isa = PBXBuildFile; fileRef = 2E78842324C00DF000E18871 /* Assets.xcassets */; };
		2E78842724C00DF000E18871 /* LaunchScreen.storyboard in Resources */ = {isa = PBXBuildFile; fileRef = 2E78842524C00DF000E18871 /* LaunchScreen.storyboard */; };
		2EC80F5B24C010A10067AA2F /* BroadcastViewController.swift in Sources */ = {isa = PBXBuildFile; fileRef = 2EC80F5A24C010A10067AA2F /* BroadcastViewController.swift */; };
		2EC80F6124C01E6A0067AA2F /* HorizontalCollectionViewCell.swift in Sources */ = {isa = PBXBuildFile; fileRef = 2EC80F5E24C01E690067AA2F /* HorizontalCollectionViewCell.swift */; };
		2EC80F6224C01E6A0067AA2F /* HorizontalCollectionViewCell.xib in Resources */ = {isa = PBXBuildFile; fileRef = 2EC80F5F24C01E690067AA2F /* HorizontalCollectionViewCell.xib */; };
		2EC80F6324C01E6A0067AA2F /* HorizontalCollectionViewLayout.swift in Sources */ = {isa = PBXBuildFile; fileRef = 2EC80F6024C01E690067AA2F /* HorizontalCollectionViewLayout.swift */; };
		2EC80F6C24C0331B0067AA2F /* CollectionViewController.swift in Sources */ = {isa = PBXBuildFile; fileRef = 2EC80F6724C0331B0067AA2F /* CollectionViewController.swift */; };
		2EC80F7024C037940067AA2F /* TestView.swift in Sources */ = {isa = PBXBuildFile; fileRef = 2EC80F6F24C037940067AA2F /* TestView.swift */; };
		2EC80F7224C037A00067AA2F /* TestView.xib in Resources */ = {isa = PBXBuildFile; fileRef = 2EC80F7124C037A00067AA2F /* TestView.xib */; };
		2EC80FA224C0432C0067AA2F /* ChatViewController.swift in Sources */ = {isa = PBXBuildFile; fileRef = 2EC80F7624C0432C0067AA2F /* ChatViewController.swift */; };
		2EC80FA324C0432C0067AA2F /* ChatRoomViewController.swift in Sources */ = {isa = PBXBuildFile; fileRef = 2EC80F7724C0432C0067AA2F /* ChatRoomViewController.swift */; };
		2EC80FA424C0432C0067AA2F /* NSDate+Extensions.swift in Sources */ = {isa = PBXBuildFile; fileRef = 2EC80F7924C0432C0067AA2F /* NSDate+Extensions.swift */; };
		2EC80FA524C0432C0067AA2F /* ChatSocket.swift in Sources */ = {isa = PBXBuildFile; fileRef = 2EC80F7A24C0432C0067AA2F /* ChatSocket.swift */; };
		2EC80FA624C0432C0067AA2F /* ChatMessage.swift in Sources */ = {isa = PBXBuildFile; fileRef = 2EC80F7B24C0432C0067AA2F /* ChatMessage.swift */; };
		2EC80FA724C0432C0067AA2F /* ChatRoomViewModel.swift in Sources */ = {isa = PBXBuildFile; fileRef = 2EC80F7C24C0432C0067AA2F /* ChatRoomViewModel.swift */; };
		2EC80FA824C0432C0067AA2F /* ChatUser.swift in Sources */ = {isa = PBXBuildFile; fileRef = 2EC80F7D24C0432C0067AA2F /* ChatUser.swift */; };
		2EC80FA924C0432C0067AA2F /* ChatSocketIOManager.swift in Sources */ = {isa = PBXBuildFile; fileRef = 2EC80F7E24C0432C0067AA2F /* ChatSocketIOManager.swift */; };
		2EC80FAA24C0432C0067AA2F /* UIViewController+Extensions.swift in Sources */ = {isa = PBXBuildFile; fileRef = 2EC80F8024C0432C0067AA2F /* UIViewController+Extensions.swift */; };
		2EC80FAB24C0432C0067AA2F /* UIColor+Extensions.swift in Sources */ = {isa = PBXBuildFile; fileRef = 2EC80F8124C0432C0067AA2F /* UIColor+Extensions.swift */; };
		2EC80FAC24C0432C0067AA2F /* VersaPlayerPlaybackError.swift in Sources */ = {isa = PBXBuildFile; fileRef = 2EC80F8724C0432C0067AA2F /* VersaPlayerPlaybackError.swift */; };
		2EC80FAD24C0432C0067AA2F /* VersaPlayerRenderingView.swift in Sources */ = {isa = PBXBuildFile; fileRef = 2EC80F8924C0432C0067AA2F /* VersaPlayerRenderingView.swift */; };
		2EC80FAE24C0432C0067AA2F /* VersaPlayerDecryptionDelegate.swift in Sources */ = {isa = PBXBuildFile; fileRef = 2EC80F8B24C0432C0067AA2F /* VersaPlayerDecryptionDelegate.swift */; };
		2EC80FAF24C0432C0067AA2F /* VersaPlayerPlaybackDelegate.swift in Sources */ = {isa = PBXBuildFile; fileRef = 2EC80F8C24C0432C0067AA2F /* VersaPlayerPlaybackDelegate.swift */; };
		2EC80FB024C0432C0067AA2F /* VersaPlayerExtension.swift in Sources */ = {isa = PBXBuildFile; fileRef = 2EC80F8D24C0432C0067AA2F /* VersaPlayerExtension.swift */; };
		2EC80FB124C0432C0067AA2F /* VersaPlayerMediaTrack.swift in Sources */ = {isa = PBXBuildFile; fileRef = 2EC80F8F24C0432C0067AA2F /* VersaPlayerMediaTrack.swift */; };
		2EC80FB224C0432C0067AA2F /* VersaPlayer.swift in Sources */ = {isa = PBXBuildFile; fileRef = 2EC80F9024C0432C0067AA2F /* VersaPlayer.swift */; };
		2EC80FB324C0432C0067AA2F /* VersaPlayerCaptionStyling.swift in Sources */ = {isa = PBXBuildFile; fileRef = 2EC80F9124C0432C0067AA2F /* VersaPlayerCaptionStyling.swift */; };
		2EC80FB424C0432C0067AA2F /* VersaPlayerItem.swift in Sources */ = {isa = PBXBuildFile; fileRef = 2EC80F9224C0432C0067AA2F /* VersaPlayerItem.swift */; };
		2EC80FB524C0432C0067AA2F /* VersaPlayerControlsBehaviour.swift in Sources */ = {isa = PBXBuildFile; fileRef = 2EC80F9524C0432C0067AA2F /* VersaPlayerControlsBehaviour.swift */; };
		2EC80FB624C0432C0067AA2F /* VersaPlayerGestureRecieverView.swift in Sources */ = {isa = PBXBuildFile; fileRef = 2EC80F9624C0432C0067AA2F /* VersaPlayerGestureRecieverView.swift */; };
		2EC80FB724C0432C0067AA2F /* VersaPlayerGestureRecieverViewDelegate.swift in Sources */ = {isa = PBXBuildFile; fileRef = 2EC80F9724C0432C0067AA2F /* VersaPlayerGestureRecieverViewDelegate.swift */; };
		2EC80FB824C0432C0067AA2F /* VersaTimeLabel.swift in Sources */ = {isa = PBXBuildFile; fileRef = 2EC80F9924C0432C0067AA2F /* VersaTimeLabel.swift */; };
		2EC80FB924C0432C0067AA2F /* VersaStatefulButton.swift in Sources */ = {isa = PBXBuildFile; fileRef = 2EC80F9A24C0432C0067AA2F /* VersaStatefulButton.swift */; };
		2EC80FBA24C0432C0067AA2F /* VersaSeekbarSlider.swift in Sources */ = {isa = PBXBuildFile; fileRef = 2EC80F9B24C0432C0067AA2F /* VersaSeekbarSlider.swift */; };
		2EC80FBB24C0432C0067AA2F /* VersaPlayerControls.swift in Sources */ = {isa = PBXBuildFile; fileRef = 2EC80F9C24C0432C0067AA2F /* VersaPlayerControls.swift */; };
		2EC80FBC24C0432C0067AA2F /* VersaPlayerControlsCoordinator.swift in Sources */ = {isa = PBXBuildFile; fileRef = 2EC80F9D24C0432C0067AA2F /* VersaPlayerControlsCoordinator.swift */; };
		2EC80FBD24C0432C0067AA2F /* VersaPlayerView.swift in Sources */ = {isa = PBXBuildFile; fileRef = 2EC80F9E24C0432C0067AA2F /* VersaPlayerView.swift */; };
		2EC80FBE24C0432C0067AA2F /* SRFacebookAnimation.swift in Sources */ = {isa = PBXBuildFile; fileRef = 2EC80FA124C0432C0067AA2F /* SRFacebookAnimation.swift */; };
		2EC80FC124C129B80067AA2F /* BottomCardSegue.swift in Sources */ = {isa = PBXBuildFile; fileRef = 2EC80FC024C129B80067AA2F /* BottomCardSegue.swift */; };
		DA3968E95D6DAA12B49DDE35 /* Pods_videomenu.framework in Frameworks */ = {isa = PBXBuildFile; fileRef = E0411F6BDE1CC798E9E18F25 /* Pods_videomenu.framework */; };
/* End PBXBuildFile section */

/* Begin PBXFileReference section */
		12D25E80C00DB5A3D748FC05 /* Pods-videomenu.debug.xcconfig */ = {isa = PBXFileReference; includeInIndex = 1; lastKnownFileType = text.xcconfig; name = "Pods-videomenu.debug.xcconfig"; path = "Target Support Files/Pods-videomenu/Pods-videomenu.debug.xcconfig"; sourceTree = "<group>"; };
		1CE8835E319C046240D084BC /* Pods-videomenu.release.xcconfig */ = {isa = PBXFileReference; includeInIndex = 1; lastKnownFileType = text.xcconfig; name = "Pods-videomenu.release.xcconfig"; path = "Target Support Files/Pods-videomenu/Pods-videomenu.release.xcconfig"; sourceTree = "<group>"; };
		2E78841724C00DEF00E18871 /* videomenu.app */ = {isa = PBXFileReference; explicitFileType = wrapper.application; includeInIndex = 0; path = videomenu.app; sourceTree = BUILT_PRODUCTS_DIR; };
		2E78841A24C00DEF00E18871 /* AppDelegate.swift */ = {isa = PBXFileReference; lastKnownFileType = sourcecode.swift; path = AppDelegate.swift; sourceTree = "<group>"; };
		2E78841E24C00DEF00E18871 /* ViewController.swift */ = {isa = PBXFileReference; lastKnownFileType = sourcecode.swift; path = ViewController.swift; sourceTree = "<group>"; };
		2E78842124C00DEF00E18871 /* Base */ = {isa = PBXFileReference; lastKnownFileType = file.storyboard; name = Base; path = Base.lproj/Main.storyboard; sourceTree = "<group>"; };
		2E78842324C00DF000E18871 /* Assets.xcassets */ = {isa = PBXFileReference; lastKnownFileType = folder.assetcatalog; path = Assets.xcassets; sourceTree = "<group>"; };
		2E78842624C00DF000E18871 /* Base */ = {isa = PBXFileReference; lastKnownFileType = file.storyboard; name = Base; path = Base.lproj/LaunchScreen.storyboard; sourceTree = "<group>"; };
		2E78842824C00DF000E18871 /* Info.plist */ = {isa = PBXFileReference; lastKnownFileType = text.plist.xml; path = Info.plist; sourceTree = "<group>"; };
		2EC80F5A24C010A10067AA2F /* BroadcastViewController.swift */ = {isa = PBXFileReference; fileEncoding = 4; lastKnownFileType = sourcecode.swift; path = BroadcastViewController.swift; sourceTree = "<group>"; };
		2EC80F5E24C01E690067AA2F /* HorizontalCollectionViewCell.swift */ = {isa = PBXFileReference; fileEncoding = 4; lastKnownFileType = sourcecode.swift; path = HorizontalCollectionViewCell.swift; sourceTree = "<group>"; };
		2EC80F5F24C01E690067AA2F /* HorizontalCollectionViewCell.xib */ = {isa = PBXFileReference; fileEncoding = 4; lastKnownFileType = file.xib; path = HorizontalCollectionViewCell.xib; sourceTree = "<group>"; };
		2EC80F6024C01E690067AA2F /* HorizontalCollectionViewLayout.swift */ = {isa = PBXFileReference; fileEncoding = 4; lastKnownFileType = sourcecode.swift; path = HorizontalCollectionViewLayout.swift; sourceTree = "<group>"; };
		2EC80F6724C0331B0067AA2F /* CollectionViewController.swift */ = {isa = PBXFileReference; fileEncoding = 4; lastKnownFileType = sourcecode.swift; path = CollectionViewController.swift; sourceTree = "<group>"; };
		2EC80F6F24C037940067AA2F /* TestView.swift */ = {isa = PBXFileReference; lastKnownFileType = sourcecode.swift; path = TestView.swift; sourceTree = "<group>"; };
		2EC80F7124C037A00067AA2F /* TestView.xib */ = {isa = PBXFileReference; lastKnownFileType = file.xib; path = TestView.xib; sourceTree = "<group>"; };
		2EC80F7624C0432C0067AA2F /* ChatViewController.swift */ = {isa = PBXFileReference; fileEncoding = 4; lastKnownFileType = sourcecode.swift; path = ChatViewController.swift; sourceTree = "<group>"; };
		2EC80F7724C0432C0067AA2F /* ChatRoomViewController.swift */ = {isa = PBXFileReference; fileEncoding = 4; lastKnownFileType = sourcecode.swift; path = ChatRoomViewController.swift; sourceTree = "<group>"; };
		2EC80F7924C0432C0067AA2F /* NSDate+Extensions.swift */ = {isa = PBXFileReference; fileEncoding = 4; lastKnownFileType = sourcecode.swift; path = "NSDate+Extensions.swift"; sourceTree = "<group>"; };
		2EC80F7A24C0432C0067AA2F /* ChatSocket.swift */ = {isa = PBXFileReference; fileEncoding = 4; lastKnownFileType = sourcecode.swift; path = ChatSocket.swift; sourceTree = "<group>"; };
		2EC80F7B24C0432C0067AA2F /* ChatMessage.swift */ = {isa = PBXFileReference; fileEncoding = 4; lastKnownFileType = sourcecode.swift; path = ChatMessage.swift; sourceTree = "<group>"; };
		2EC80F7C24C0432C0067AA2F /* ChatRoomViewModel.swift */ = {isa = PBXFileReference; fileEncoding = 4; lastKnownFileType = sourcecode.swift; path = ChatRoomViewModel.swift; sourceTree = "<group>"; };
		2EC80F7D24C0432C0067AA2F /* ChatUser.swift */ = {isa = PBXFileReference; fileEncoding = 4; lastKnownFileType = sourcecode.swift; path = ChatUser.swift; sourceTree = "<group>"; };
		2EC80F7E24C0432C0067AA2F /* ChatSocketIOManager.swift */ = {isa = PBXFileReference; fileEncoding = 4; lastKnownFileType = sourcecode.swift; path = ChatSocketIOManager.swift; sourceTree = "<group>"; };
		2EC80F8024C0432C0067AA2F /* UIViewController+Extensions.swift */ = {isa = PBXFileReference; fileEncoding = 4; lastKnownFileType = sourcecode.swift; path = "UIViewController+Extensions.swift"; sourceTree = "<group>"; };
		2EC80F8124C0432C0067AA2F /* UIColor+Extensions.swift */ = {isa = PBXFileReference; fileEncoding = 4; lastKnownFileType = sourcecode.swift; path = "UIColor+Extensions.swift"; sourceTree = "<group>"; };
		2EC80F8724C0432C0067AA2F /* VersaPlayerPlaybackError.swift */ = {isa = PBXFileReference; fileEncoding = 4; lastKnownFileType = sourcecode.swift; path = VersaPlayerPlaybackError.swift; sourceTree = "<group>"; };
		2EC80F8924C0432C0067AA2F /* VersaPlayerRenderingView.swift */ = {isa = PBXFileReference; fileEncoding = 4; lastKnownFileType = sourcecode.swift; path = VersaPlayerRenderingView.swift; sourceTree = "<group>"; };
		2EC80F8B24C0432C0067AA2F /* VersaPlayerDecryptionDelegate.swift */ = {isa = PBXFileReference; fileEncoding = 4; lastKnownFileType = sourcecode.swift; path = VersaPlayerDecryptionDelegate.swift; sourceTree = "<group>"; };
		2EC80F8C24C0432C0067AA2F /* VersaPlayerPlaybackDelegate.swift */ = {isa = PBXFileReference; fileEncoding = 4; lastKnownFileType = sourcecode.swift; path = VersaPlayerPlaybackDelegate.swift; sourceTree = "<group>"; };
		2EC80F8D24C0432C0067AA2F /* VersaPlayerExtension.swift */ = {isa = PBXFileReference; fileEncoding = 4; lastKnownFileType = sourcecode.swift; path = VersaPlayerExtension.swift; sourceTree = "<group>"; };
		2EC80F8F24C0432C0067AA2F /* VersaPlayerMediaTrack.swift */ = {isa = PBXFileReference; fileEncoding = 4; lastKnownFileType = sourcecode.swift; path = VersaPlayerMediaTrack.swift; sourceTree = "<group>"; };
		2EC80F9024C0432C0067AA2F /* VersaPlayer.swift */ = {isa = PBXFileReference; fileEncoding = 4; lastKnownFileType = sourcecode.swift; path = VersaPlayer.swift; sourceTree = "<group>"; };
		2EC80F9124C0432C0067AA2F /* VersaPlayerCaptionStyling.swift */ = {isa = PBXFileReference; fileEncoding = 4; lastKnownFileType = sourcecode.swift; path = VersaPlayerCaptionStyling.swift; sourceTree = "<group>"; };
		2EC80F9224C0432C0067AA2F /* VersaPlayerItem.swift */ = {isa = PBXFileReference; fileEncoding = 4; lastKnownFileType = sourcecode.swift; path = VersaPlayerItem.swift; sourceTree = "<group>"; };
		2EC80F9524C0432C0067AA2F /* VersaPlayerControlsBehaviour.swift */ = {isa = PBXFileReference; fileEncoding = 4; lastKnownFileType = sourcecode.swift; path = VersaPlayerControlsBehaviour.swift; sourceTree = "<group>"; };
		2EC80F9624C0432C0067AA2F /* VersaPlayerGestureRecieverView.swift */ = {isa = PBXFileReference; fileEncoding = 4; lastKnownFileType = sourcecode.swift; path = VersaPlayerGestureRecieverView.swift; sourceTree = "<group>"; };
		2EC80F9724C0432C0067AA2F /* VersaPlayerGestureRecieverViewDelegate.swift */ = {isa = PBXFileReference; fileEncoding = 4; lastKnownFileType = sourcecode.swift; path = VersaPlayerGestureRecieverViewDelegate.swift; sourceTree = "<group>"; };
		2EC80F9924C0432C0067AA2F /* VersaTimeLabel.swift */ = {isa = PBXFileReference; fileEncoding = 4; lastKnownFileType = sourcecode.swift; path = VersaTimeLabel.swift; sourceTree = "<group>"; };
		2EC80F9A24C0432C0067AA2F /* VersaStatefulButton.swift */ = {isa = PBXFileReference; fileEncoding = 4; lastKnownFileType = sourcecode.swift; path = VersaStatefulButton.swift; sourceTree = "<group>"; };
		2EC80F9B24C0432C0067AA2F /* VersaSeekbarSlider.swift */ = {isa = PBXFileReference; fileEncoding = 4; lastKnownFileType = sourcecode.swift; path = VersaSeekbarSlider.swift; sourceTree = "<group>"; };
		2EC80F9C24C0432C0067AA2F /* VersaPlayerControls.swift */ = {isa = PBXFileReference; fileEncoding = 4; lastKnownFileType = sourcecode.swift; path = VersaPlayerControls.swift; sourceTree = "<group>"; };
		2EC80F9D24C0432C0067AA2F /* VersaPlayerControlsCoordinator.swift */ = {isa = PBXFileReference; fileEncoding = 4; lastKnownFileType = sourcecode.swift; path = VersaPlayerControlsCoordinator.swift; sourceTree = "<group>"; };
		2EC80F9E24C0432C0067AA2F /* VersaPlayerView.swift */ = {isa = PBXFileReference; fileEncoding = 4; lastKnownFileType = sourcecode.swift; path = VersaPlayerView.swift; sourceTree = "<group>"; };
		2EC80FA124C0432C0067AA2F /* SRFacebookAnimation.swift */ = {isa = PBXFileReference; fileEncoding = 4; lastKnownFileType = sourcecode.swift; path = SRFacebookAnimation.swift; sourceTree = "<group>"; };
		2EC80FC024C129B80067AA2F /* BottomCardSegue.swift */ = {isa = PBXFileReference; fileEncoding = 4; lastKnownFileType = sourcecode.swift; path = BottomCardSegue.swift; sourceTree = "<group>"; };
		E0411F6BDE1CC798E9E18F25 /* Pods_videomenu.framework */ = {isa = PBXFileReference; explicitFileType = wrapper.framework; includeInIndex = 0; path = Pods_videomenu.framework; sourceTree = BUILT_PRODUCTS_DIR; };
/* End PBXFileReference section */

/* Begin PBXFrameworksBuildPhase section */
		2E78841424C00DEF00E18871 /* Frameworks */ = {
			isa = PBXFrameworksBuildPhase;
			buildActionMask = 2147483647;
			files = (
				DA3968E95D6DAA12B49DDE35 /* Pods_videomenu.framework in Frameworks */,
			);
			runOnlyForDeploymentPostprocessing = 0;
		};
/* End PBXFrameworksBuildPhase section */

/* Begin PBXGroup section */
		2E78840E24C00DEF00E18871 = {
			isa = PBXGroup;
			children = (
				2EC80F6F24C037940067AA2F /* TestView.swift */,
				2EC80F7124C037A00067AA2F /* TestView.xib */,
				2E78841924C00DEF00E18871 /* videomenu */,
				2E78841824C00DEF00E18871 /* Products */,
				934AC099D5CBCCCF84CAA749 /* Pods */,
				6AD242B99C7BEADC5CA213E0 /* Frameworks */,
			);
			sourceTree = "<group>";
		};
		2E78841824C00DEF00E18871 /* Products */ = {
			isa = PBXGroup;
			children = (
				2E78841724C00DEF00E18871 /* videomenu.app */,
			);
			name = Products;
			sourceTree = "<group>";
		};
		2E78841924C00DEF00E18871 /* videomenu */ = {
			isa = PBXGroup;
			children = (
				2EC80F7324C0432C0067AA2F /* Library */,
				2EC80F6424C032D90067AA2F /* View */,
				2E78841A24C00DEF00E18871 /* AppDelegate.swift */,
				2E78841E24C00DEF00E18871 /* ViewController.swift */,
				2EC80F5A24C010A10067AA2F /* BroadcastViewController.swift */,
				2E78842024C00DEF00E18871 /* Main.storyboard */,
				2E78842324C00DF000E18871 /* Assets.xcassets */,
				2E78842524C00DF000E18871 /* LaunchScreen.storyboard */,
				2E78842824C00DF000E18871 /* Info.plist */,
			);
			path = videomenu;
			sourceTree = "<group>";
		};
		2EC80F6424C032D90067AA2F /* View */ = {
			isa = PBXGroup;
			children = (
				2EC80F5E24C01E690067AA2F /* HorizontalCollectionViewCell.swift */,
				2EC80F5F24C01E690067AA2F /* HorizontalCollectionViewCell.xib */,
				2EC80F6024C01E690067AA2F /* HorizontalCollectionViewLayout.swift */,
				2EC80F6724C0331B0067AA2F /* CollectionViewController.swift */,
			);
			path = View;
			sourceTree = "<group>";
		};
		2EC80F7324C0432C0067AA2F /* Library */ = {
			isa = PBXGroup;
			children = (
				2EC80FBF24C127C00067AA2F /* BottomCard */,
				2EC80F7424C0432C0067AA2F /* Chat */,
				2EC80F8224C0432C0067AA2F /* VersaPlayer */,
				2EC80FA024C0432C0067AA2F /* Like Animation */,
			);
			path = Library;
			sourceTree = "<group>";
		};
		2EC80F7424C0432C0067AA2F /* Chat */ = {
			isa = PBXGroup;
			children = (
				2EC80F7524C0432C0067AA2F /* View Controllers */,
				2EC80F7824C0432C0067AA2F /* Models */,
				2EC80F7F24C0432C0067AA2F /* Extensions */,
			);
			path = Chat;
			sourceTree = "<group>";
		};
		2EC80F7524C0432C0067AA2F /* View Controllers */ = {
			isa = PBXGroup;
			children = (
				2EC80F7624C0432C0067AA2F /* ChatViewController.swift */,
				2EC80F7724C0432C0067AA2F /* ChatRoomViewController.swift */,
			);
			path = "View Controllers";
			sourceTree = "<group>";
		};
		2EC80F7824C0432C0067AA2F /* Models */ = {
			isa = PBXGroup;
			children = (
				2EC80F7924C0432C0067AA2F /* NSDate+Extensions.swift */,
				2EC80F7A24C0432C0067AA2F /* ChatSocket.swift */,
				2EC80F7B24C0432C0067AA2F /* ChatMessage.swift */,
				2EC80F7C24C0432C0067AA2F /* ChatRoomViewModel.swift */,
				2EC80F7D24C0432C0067AA2F /* ChatUser.swift */,
				2EC80F7E24C0432C0067AA2F /* ChatSocketIOManager.swift */,
			);
			path = Models;
			sourceTree = "<group>";
		};
		2EC80F7F24C0432C0067AA2F /* Extensions */ = {
			isa = PBXGroup;
			children = (
				2EC80F8024C0432C0067AA2F /* UIViewController+Extensions.swift */,
				2EC80F8124C0432C0067AA2F /* UIColor+Extensions.swift */,
			);
			path = Extensions;
			sourceTree = "<group>";
		};
		2EC80F8224C0432C0067AA2F /* VersaPlayer */ = {
			isa = PBXGroup;
			children = (
				2EC80F8324C0432C0067AA2F /* Classes */,
			);
			path = VersaPlayer;
			sourceTree = "<group>";
		};
		2EC80F8324C0432C0067AA2F /* Classes */ = {
			isa = PBXGroup;
			children = (
				2EC80F8424C0432C0067AA2F /* Source */,
			);
			path = Classes;
			sourceTree = "<group>";
		};
		2EC80F8424C0432C0067AA2F /* Source */ = {
			isa = PBXGroup;
			children = (
				2EC80F8524C0432C0067AA2F /* Core */,
				2EC80F9324C0432C0067AA2F /* VersaPlayerControls */,
				2EC80F9E24C0432C0067AA2F /* VersaPlayerView.swift */,
			);
			path = Source;
			sourceTree = "<group>";
		};
		2EC80F8524C0432C0067AA2F /* Core */ = {
			isa = PBXGroup;
			children = (
				2EC80F8624C0432C0067AA2F /* Enums */,
				2EC80F8824C0432C0067AA2F /* Rendering */,
				2EC80F8A24C0432C0067AA2F /* Protocols */,
				2EC80F8E24C0432C0067AA2F /* Player */,
			);
			path = Core;
			sourceTree = "<group>";
		};
		2EC80F8624C0432C0067AA2F /* Enums */ = {
			isa = PBXGroup;
			children = (
				2EC80F8724C0432C0067AA2F /* VersaPlayerPlaybackError.swift */,
			);
			path = Enums;
			sourceTree = "<group>";
		};
		2EC80F8824C0432C0067AA2F /* Rendering */ = {
			isa = PBXGroup;
			children = (
				2EC80F8924C0432C0067AA2F /* VersaPlayerRenderingView.swift */,
			);
			path = Rendering;
			sourceTree = "<group>";
		};
		2EC80F8A24C0432C0067AA2F /* Protocols */ = {
			isa = PBXGroup;
			children = (
				2EC80F8B24C0432C0067AA2F /* VersaPlayerDecryptionDelegate.swift */,
				2EC80F8C24C0432C0067AA2F /* VersaPlayerPlaybackDelegate.swift */,
				2EC80F8D24C0432C0067AA2F /* VersaPlayerExtension.swift */,
			);
			path = Protocols;
			sourceTree = "<group>";
		};
		2EC80F8E24C0432C0067AA2F /* Player */ = {
			isa = PBXGroup;
			children = (
				2EC80F8F24C0432C0067AA2F /* VersaPlayerMediaTrack.swift */,
				2EC80F9024C0432C0067AA2F /* VersaPlayer.swift */,
				2EC80F9124C0432C0067AA2F /* VersaPlayerCaptionStyling.swift */,
				2EC80F9224C0432C0067AA2F /* VersaPlayerItem.swift */,
			);
			path = Player;
			sourceTree = "<group>";
		};
		2EC80F9324C0432C0067AA2F /* VersaPlayerControls */ = {
			isa = PBXGroup;
			children = (
				2EC80F9424C0432C0067AA2F /* Core */,
				2EC80F9824C0432C0067AA2F /* Controls */,
				2EC80F9C24C0432C0067AA2F /* VersaPlayerControls.swift */,
				2EC80F9D24C0432C0067AA2F /* VersaPlayerControlsCoordinator.swift */,
			);
			path = VersaPlayerControls;
			sourceTree = "<group>";
		};
		2EC80F9424C0432C0067AA2F /* Core */ = {
			isa = PBXGroup;
			children = (
				2EC80F9524C0432C0067AA2F /* VersaPlayerControlsBehaviour.swift */,
				2EC80F9624C0432C0067AA2F /* VersaPlayerGestureRecieverView.swift */,
				2EC80F9724C0432C0067AA2F /* VersaPlayerGestureRecieverViewDelegate.swift */,
			);
			path = Core;
			sourceTree = "<group>";
		};
		2EC80F9824C0432C0067AA2F /* Controls */ = {
			isa = PBXGroup;
			children = (
				2EC80F9924C0432C0067AA2F /* VersaTimeLabel.swift */,
				2EC80F9A24C0432C0067AA2F /* VersaStatefulButton.swift */,
				2EC80F9B24C0432C0067AA2F /* VersaSeekbarSlider.swift */,
			);
			path = Controls;
			sourceTree = "<group>";
		};
		2EC80FA024C0432C0067AA2F /* Like Animation */ = {
			isa = PBXGroup;
			children = (
				2EC80FA124C0432C0067AA2F /* SRFacebookAnimation.swift */,
			);
			path = "Like Animation";
			sourceTree = "<group>";
		};
		2EC80FBF24C127C00067AA2F /* BottomCard */ = {
			isa = PBXGroup;
			children = (
				2EC80FC024C129B80067AA2F /* BottomCardSegue.swift */,
			);
			path = BottomCard;
			sourceTree = "<group>";
		};
		6AD242B99C7BEADC5CA213E0 /* Frameworks */ = {
			isa = PBXGroup;
			children = (
				E0411F6BDE1CC798E9E18F25 /* Pods_videomenu.framework */,
			);
			name = Frameworks;
			sourceTree = "<group>";
		};
		934AC099D5CBCCCF84CAA749 /* Pods */ = {
			isa = PBXGroup;
			children = (
				12D25E80C00DB5A3D748FC05 /* Pods-videomenu.debug.xcconfig */,
				1CE8835E319C046240D084BC /* Pods-videomenu.release.xcconfig */,
			);
			path = Pods;
			sourceTree = "<group>";
		};
/* End PBXGroup section */

/* Begin PBXNativeTarget section */
		2E78841624C00DEF00E18871 /* videomenu */ = {
			isa = PBXNativeTarget;
			buildConfigurationList = 2E78842B24C00DF000E18871 /* Build configuration list for PBXNativeTarget "videomenu" */;
			buildPhases = (
				76D0FFDFAF77A34CC5FD5239 /* [CP] Check Pods Manifest.lock */,
				2E78841324C00DEF00E18871 /* Sources */,
				2E78841424C00DEF00E18871 /* Frameworks */,
				2E78841524C00DEF00E18871 /* Resources */,
				2DBFCE6C3D134518BF643F2C /* [CP] Embed Pods Frameworks */,
			);
			buildRules = (
			);
			dependencies = (
			);
			name = videomenu;
			productName = videomenu;
			productReference = 2E78841724C00DEF00E18871 /* videomenu.app */;
			productType = "com.apple.product-type.application";
		};
/* End PBXNativeTarget section */

/* Begin PBXProject section */
		2E78840F24C00DEF00E18871 /* Project object */ = {
			isa = PBXProject;
			attributes = {
				LastSwiftUpdateCheck = 1150;
				LastUpgradeCheck = 1150;
				ORGANIZATIONNAME = "Inpyo Hong";
				TargetAttributes = {
					2E78841624C00DEF00E18871 = {
						CreatedOnToolsVersion = 11.5;
					};
				};
			};
			buildConfigurationList = 2E78841224C00DEF00E18871 /* Build configuration list for PBXProject "videomenu" */;
			compatibilityVersion = "Xcode 9.3";
			developmentRegion = en;
			hasScannedForEncodings = 0;
			knownRegions = (
				en,
				Base,
			);
			mainGroup = 2E78840E24C00DEF00E18871;
			productRefGroup = 2E78841824C00DEF00E18871 /* Products */;
			projectDirPath = "";
			projectRoot = "";
			targets = (
				2E78841624C00DEF00E18871 /* videomenu */,
			);
		};
/* End PBXProject section */

/* Begin PBXResourcesBuildPhase section */
		2E78841524C00DEF00E18871 /* Resources */ = {
			isa = PBXResourcesBuildPhase;
			buildActionMask = 2147483647;
			files = (
				2EC80F6224C01E6A0067AA2F /* HorizontalCollectionViewCell.xib in Resources */,
				2E78842724C00DF000E18871 /* LaunchScreen.storyboard in Resources */,
				2E78842424C00DF000E18871 /* Assets.xcassets in Resources */,
				2EC80F7224C037A00067AA2F /* TestView.xib in Resources */,
				2E78842224C00DEF00E18871 /* Main.storyboard in Resources */,
			);
			runOnlyForDeploymentPostprocessing = 0;
		};
/* End PBXResourcesBuildPhase section */

/* Begin PBXShellScriptBuildPhase section */
		2DBFCE6C3D134518BF643F2C /* [CP] Embed Pods Frameworks */ = {
			isa = PBXShellScriptBuildPhase;
			buildActionMask = 2147483647;
			files = (
			);
			inputFileListPaths = (
				"${PODS_ROOT}/Target Support Files/Pods-videomenu/Pods-videomenu-frameworks-${CONFIGURATION}-input-files.xcfilelist",
			);
			name = "[CP] Embed Pods Frameworks";
			outputFileListPaths = (
				"${PODS_ROOT}/Target Support Files/Pods-videomenu/Pods-videomenu-frameworks-${CONFIGURATION}-output-files.xcfilelist",
			);
			runOnlyForDeploymentPostprocessing = 0;
			shellPath = /bin/sh;
			shellScript = "\"${PODS_ROOT}/Target Support Files/Pods-videomenu/Pods-videomenu-frameworks.sh\"\n";
			showEnvVarsInLog = 0;
		};
		76D0FFDFAF77A34CC5FD5239 /* [CP] Check Pods Manifest.lock */ = {
			isa = PBXShellScriptBuildPhase;
			buildActionMask = 2147483647;
			files = (
			);
			inputFileListPaths = (
			);
			inputPaths = (
				"${PODS_PODFILE_DIR_PATH}/Podfile.lock",
				"${PODS_ROOT}/Manifest.lock",
			);
			name = "[CP] Check Pods Manifest.lock";
			outputFileListPaths = (
			);
			outputPaths = (
				"$(DERIVED_FILE_DIR)/Pods-videomenu-checkManifestLockResult.txt",
			);
			runOnlyForDeploymentPostprocessing = 0;
			shellPath = /bin/sh;
			shellScript = "diff \"${PODS_PODFILE_DIR_PATH}/Podfile.lock\" \"${PODS_ROOT}/Manifest.lock\" > /dev/null\nif [ $? != 0 ] ; then\n    # print error to STDERR\n    echo \"error: The sandbox is not in sync with the Podfile.lock. Run 'pod install' or update your CocoaPods installation.\" >&2\n    exit 1\nfi\n# This output is used by Xcode 'outputs' to avoid re-running this script phase.\necho \"SUCCESS\" > \"${SCRIPT_OUTPUT_FILE_0}\"\n";
			showEnvVarsInLog = 0;
		};
/* End PBXShellScriptBuildPhase section */

/* Begin PBXSourcesBuildPhase section */
		2E78841324C00DEF00E18871 /* Sources */ = {
			isa = PBXSourcesBuildPhase;
			buildActionMask = 2147483647;
			files = (
				2EC80FB624C0432C0067AA2F /* VersaPlayerGestureRecieverView.swift in Sources */,
				2EC80FB024C0432C0067AA2F /* VersaPlayerExtension.swift in Sources */,
				2EC80FA824C0432C0067AA2F /* ChatUser.swift in Sources */,
				2EC80FBE24C0432C0067AA2F /* SRFacebookAnimation.swift in Sources */,
				2EC80FA424C0432C0067AA2F /* NSDate+Extensions.swift in Sources */,
				2EC80F7024C037940067AA2F /* TestView.swift in Sources */,
				2EC80FA524C0432C0067AA2F /* ChatSocket.swift in Sources */,
				2EC80FAC24C0432C0067AA2F /* VersaPlayerPlaybackError.swift in Sources */,
				2E78841F24C00DEF00E18871 /* ViewController.swift in Sources */,
				2EC80FA224C0432C0067AA2F /* ChatViewController.swift in Sources */,
				2EC80FA724C0432C0067AA2F /* ChatRoomViewModel.swift in Sources */,
				2EC80FB124C0432C0067AA2F /* VersaPlayerMediaTrack.swift in Sources */,
				2EC80FBB24C0432C0067AA2F /* VersaPlayerControls.swift in Sources */,
				2EC80FC124C129B80067AA2F /* BottomCardSegue.swift in Sources */,
				2EC80FBD24C0432C0067AA2F /* VersaPlayerView.swift in Sources */,
				2EC80FB324C0432C0067AA2F /* VersaPlayerCaptionStyling.swift in Sources */,
				2EC80FB424C0432C0067AA2F /* VersaPlayerItem.swift in Sources */,
				2EC80FAE24C0432C0067AA2F /* VersaPlayerDecryptionDelegate.swift in Sources */,
				2EC80FAF24C0432C0067AA2F /* VersaPlayerPlaybackDelegate.swift in Sources */,
				2EC80F5B24C010A10067AA2F /* BroadcastViewController.swift in Sources */,
				2EC80F6124C01E6A0067AA2F /* HorizontalCollectionViewCell.swift in Sources */,
				2EC80FB924C0432C0067AA2F /* VersaStatefulButton.swift in Sources */,
				2EC80F6C24C0331B0067AA2F /* CollectionViewController.swift in Sources */,
				2EC80FB524C0432C0067AA2F /* VersaPlayerControlsBehaviour.swift in Sources */,
				2EC80FBA24C0432C0067AA2F /* VersaSeekbarSlider.swift in Sources */,
				2EC80FB724C0432C0067AA2F /* VersaPlayerGestureRecieverViewDelegate.swift in Sources */,
				2EC80FAD24C0432C0067AA2F /* VersaPlayerRenderingView.swift in Sources */,
				2EC80FB824C0432C0067AA2F /* VersaTimeLabel.swift in Sources */,
				2EC80FBC24C0432C0067AA2F /* VersaPlayerControlsCoordinator.swift in Sources */,
				2EC80FA924C0432C0067AA2F /* ChatSocketIOManager.swift in Sources */,
				2E78841B24C00DEF00E18871 /* AppDelegate.swift in Sources */,
				2EC80FB224C0432C0067AA2F /* VersaPlayer.swift in Sources */,
				2EC80FAA24C0432C0067AA2F /* UIViewController+Extensions.swift in Sources */,
				2EC80FA624C0432C0067AA2F /* ChatMessage.swift in Sources */,
				2EC80F6324C01E6A0067AA2F /* HorizontalCollectionViewLayout.swift in Sources */,
				2EC80FAB24C0432C0067AA2F /* UIColor+Extensions.swift in Sources */,
				2EC80FA324C0432C0067AA2F /* ChatRoomViewController.swift in Sources */,
			);
			runOnlyForDeploymentPostprocessing = 0;
		};
/* End PBXSourcesBuildPhase section */

/* Begin PBXVariantGroup section */
		2E78842024C00DEF00E18871 /* Main.storyboard */ = {
			isa = PBXVariantGroup;
			children = (
				2E78842124C00DEF00E18871 /* Base */,
			);
			name = Main.storyboard;
			sourceTree = "<group>";
		};
		2E78842524C00DF000E18871 /* LaunchScreen.storyboard */ = {
			isa = PBXVariantGroup;
			children = (
				2E78842624C00DF000E18871 /* Base */,
			);
			name = LaunchScreen.storyboard;
			sourceTree = "<group>";
		};
/* End PBXVariantGroup section */

/* Begin XCBuildConfiguration section */
		2E78842924C00DF000E18871 /* Debug */ = {
			isa = XCBuildConfiguration;
			buildSettings = {
				ALWAYS_SEARCH_USER_PATHS = NO;
				CLANG_ANALYZER_NONNULL = YES;
				CLANG_ANALYZER_NUMBER_OBJECT_CONVERSION = YES_AGGRESSIVE;
				CLANG_CXX_LANGUAGE_STANDARD = "gnu++14";
				CLANG_CXX_LIBRARY = "libc++";
				CLANG_ENABLE_MODULES = YES;
				CLANG_ENABLE_OBJC_ARC = YES;
				CLANG_ENABLE_OBJC_WEAK = YES;
				CLANG_WARN_BLOCK_CAPTURE_AUTORELEASING = YES;
				CLANG_WARN_BOOL_CONVERSION = YES;
				CLANG_WARN_COMMA = YES;
				CLANG_WARN_CONSTANT_CONVERSION = YES;
				CLANG_WARN_DEPRECATED_OBJC_IMPLEMENTATIONS = YES;
				CLANG_WARN_DIRECT_OBJC_ISA_USAGE = YES_ERROR;
				CLANG_WARN_DOCUMENTATION_COMMENTS = YES;
				CLANG_WARN_EMPTY_BODY = YES;
				CLANG_WARN_ENUM_CONVERSION = YES;
				CLANG_WARN_INFINITE_RECURSION = YES;
				CLANG_WARN_INT_CONVERSION = YES;
				CLANG_WARN_NON_LITERAL_NULL_CONVERSION = YES;
				CLANG_WARN_OBJC_IMPLICIT_RETAIN_SELF = YES;
				CLANG_WARN_OBJC_LITERAL_CONVERSION = YES;
				CLANG_WARN_OBJC_ROOT_CLASS = YES_ERROR;
				CLANG_WARN_RANGE_LOOP_ANALYSIS = YES;
				CLANG_WARN_STRICT_PROTOTYPES = YES;
				CLANG_WARN_SUSPICIOUS_MOVE = YES;
				CLANG_WARN_UNGUARDED_AVAILABILITY = YES_AGGRESSIVE;
				CLANG_WARN_UNREACHABLE_CODE = YES;
				CLANG_WARN__DUPLICATE_METHOD_MATCH = YES;
				COPY_PHASE_STRIP = NO;
				DEBUG_INFORMATION_FORMAT = dwarf;
				ENABLE_STRICT_OBJC_MSGSEND = YES;
				ENABLE_TESTABILITY = YES;
				GCC_C_LANGUAGE_STANDARD = gnu11;
				GCC_DYNAMIC_NO_PIC = NO;
				GCC_NO_COMMON_BLOCKS = YES;
				GCC_OPTIMIZATION_LEVEL = 0;
				GCC_PREPROCESSOR_DEFINITIONS = (
					"DEBUG=1",
					"$(inherited)",
				);
				GCC_WARN_64_TO_32_BIT_CONVERSION = YES;
				GCC_WARN_ABOUT_RETURN_TYPE = YES_ERROR;
				GCC_WARN_UNDECLARED_SELECTOR = YES;
				GCC_WARN_UNINITIALIZED_AUTOS = YES_AGGRESSIVE;
				GCC_WARN_UNUSED_FUNCTION = YES;
				GCC_WARN_UNUSED_VARIABLE = YES;
				IPHONEOS_DEPLOYMENT_TARGET = 13.0;
				MTL_ENABLE_DEBUG_INFO = INCLUDE_SOURCE;
				MTL_FAST_MATH = YES;
				ONLY_ACTIVE_ARCH = YES;
				SDKROOT = iphoneos;
				SWIFT_ACTIVE_COMPILATION_CONDITIONS = DEBUG;
				SWIFT_OPTIMIZATION_LEVEL = "-Onone";
			};
			name = Debug;
		};
		2E78842A24C00DF000E18871 /* Release */ = {
			isa = XCBuildConfiguration;
			buildSettings = {
				ALWAYS_SEARCH_USER_PATHS = NO;
				CLANG_ANALYZER_NONNULL = YES;
				CLANG_ANALYZER_NUMBER_OBJECT_CONVERSION = YES_AGGRESSIVE;
				CLANG_CXX_LANGUAGE_STANDARD = "gnu++14";
				CLANG_CXX_LIBRARY = "libc++";
				CLANG_ENABLE_MODULES = YES;
				CLANG_ENABLE_OBJC_ARC = YES;
				CLANG_ENABLE_OBJC_WEAK = YES;
				CLANG_WARN_BLOCK_CAPTURE_AUTORELEASING = YES;
				CLANG_WARN_BOOL_CONVERSION = YES;
				CLANG_WARN_COMMA = YES;
				CLANG_WARN_CONSTANT_CONVERSION = YES;
				CLANG_WARN_DEPRECATED_OBJC_IMPLEMENTATIONS = YES;
				CLANG_WARN_DIRECT_OBJC_ISA_USAGE = YES_ERROR;
				CLANG_WARN_DOCUMENTATION_COMMENTS = YES;
				CLANG_WARN_EMPTY_BODY = YES;
				CLANG_WARN_ENUM_CONVERSION = YES;
				CLANG_WARN_INFINITE_RECURSION = YES;
				CLANG_WARN_INT_CONVERSION = YES;
				CLANG_WARN_NON_LITERAL_NULL_CONVERSION = YES;
				CLANG_WARN_OBJC_IMPLICIT_RETAIN_SELF = YES;
				CLANG_WARN_OBJC_LITERAL_CONVERSION = YES;
				CLANG_WARN_OBJC_ROOT_CLASS = YES_ERROR;
				CLANG_WARN_RANGE_LOOP_ANALYSIS = YES;
				CLANG_WARN_STRICT_PROTOTYPES = YES;
				CLANG_WARN_SUSPICIOUS_MOVE = YES;
				CLANG_WARN_UNGUARDED_AVAILABILITY = YES_AGGRESSIVE;
				CLANG_WARN_UNREACHABLE_CODE = YES;
				CLANG_WARN__DUPLICATE_METHOD_MATCH = YES;
				COPY_PHASE_STRIP = NO;
				DEBUG_INFORMATION_FORMAT = "dwarf-with-dsym";
				ENABLE_NS_ASSERTIONS = NO;
				ENABLE_STRICT_OBJC_MSGSEND = YES;
				GCC_C_LANGUAGE_STANDARD = gnu11;
				GCC_NO_COMMON_BLOCKS = YES;
				GCC_WARN_64_TO_32_BIT_CONVERSION = YES;
				GCC_WARN_ABOUT_RETURN_TYPE = YES_ERROR;
				GCC_WARN_UNDECLARED_SELECTOR = YES;
				GCC_WARN_UNINITIALIZED_AUTOS = YES_AGGRESSIVE;
				GCC_WARN_UNUSED_FUNCTION = YES;
				GCC_WARN_UNUSED_VARIABLE = YES;
				IPHONEOS_DEPLOYMENT_TARGET = 13.0;
				MTL_ENABLE_DEBUG_INFO = NO;
				MTL_FAST_MATH = YES;
				SDKROOT = iphoneos;
				SWIFT_COMPILATION_MODE = wholemodule;
				SWIFT_OPTIMIZATION_LEVEL = "-O";
				VALIDATE_PRODUCT = YES;
			};
			name = Release;
		};
		2E78842C24C00DF000E18871 /* Debug */ = {
			isa = XCBuildConfiguration;
			baseConfigurationReference = 12D25E80C00DB5A3D748FC05 /* Pods-videomenu.debug.xcconfig */;
			buildSettings = {
				ASSETCATALOG_COMPILER_APPICON_NAME = AppIcon;
				CODE_SIGN_STYLE = Automatic;
				DEVELOPMENT_TEAM = UV36497CVB;
				INFOPLIST_FILE = videomenu/Info.plist;
				LD_RUNPATH_SEARCH_PATHS = (
					"$(inherited)",
					"@executable_path/Frameworks",
				);
				PRODUCT_BUNDLE_IDENTIFIER = com.epiens.videomenu;
				PRODUCT_NAME = "$(TARGET_NAME)";
				SWIFT_VERSION = 5.0;
				TARGETED_DEVICE_FAMILY = "1,2";
			};
			name = Debug;
		};
		2E78842D24C00DF000E18871 /* Release */ = {
			isa = XCBuildConfiguration;
			baseConfigurationReference = 1CE8835E319C046240D084BC /* Pods-videomenu.release.xcconfig */;
			buildSettings = {
				ASSETCATALOG_COMPILER_APPICON_NAME = AppIcon;
				CODE_SIGN_STYLE = Automatic;
				DEVELOPMENT_TEAM = UV36497CVB;
				INFOPLIST_FILE = videomenu/Info.plist;
				LD_RUNPATH_SEARCH_PATHS = (
					"$(inherited)",
					"@executable_path/Frameworks",
				);
				PRODUCT_BUNDLE_IDENTIFIER = com.epiens.videomenu;
				PRODUCT_NAME = "$(TARGET_NAME)";
				SWIFT_VERSION = 5.0;
				TARGETED_DEVICE_FAMILY = "1,2";
			};
			name = Release;
		};
/* End XCBuildConfiguration section */

/* Begin XCConfigurationList section */
		2E78841224C00DEF00E18871 /* Build configuration list for PBXProject "videomenu" */ = {
			isa = XCConfigurationList;
			buildConfigurations = (
				2E78842924C00DF000E18871 /* Debug */,
				2E78842A24C00DF000E18871 /* Release */,
			);
			defaultConfigurationIsVisible = 0;
			defaultConfigurationName = Release;
		};
		2E78842B24C00DF000E18871 /* Build configuration list for PBXNativeTarget "videomenu" */ = {
			isa = XCConfigurationList;
			buildConfigurations = (
				2E78842C24C00DF000E18871 /* Debug */,
				2E78842D24C00DF000E18871 /* Release */,
			);
			defaultConfigurationIsVisible = 0;
			defaultConfigurationName = Release;
		};
/* End XCConfigurationList section */
	};
	rootObject = 2E78840F24C00DEF00E18871 /* Project object */;
}
